{
  "requires": true,
  "lockfileVersion": 1,
  "dependencies": {
    "leaflet": {
      "version": "1.7.1",
      "resolved": "https://registry.npmjs.org/leaflet/-/leaflet-1.7.1.tgz",
      "integrity": "sha512-/xwPEBidtg69Q3HlqPdU3DnrXQOvQU/CCHA1tcDQVzOwm91YMYaILjNp7L4Eaw5Z4sOYdbBz6koWyibppd8Zqw=="
    },
    "leaflet-geosearch": {
      "version": "3.6.0",
      "resolved": "https://registry.npmjs.org/leaflet-geosearch/-/leaflet-geosearch-3.6.0.tgz",
      "integrity": "sha512-TkJOi+eVbsQB7wC0ssGzV9eGQv5BgEwDyb0QOunYA64qe53lB+ostUemvQD7Cmari0shtgBr3Patn5galjr3WA==",
      "requires": {
        "leaflet": "^1.6.0"
      }
    }
  }
}
